// !$*UTF8*$!
{
	archiveVersion = 1;
	classes = {
	};
	objectVersion = 56;
	objects = {

/* Begin PBXBuildFile section */
		6607294C29192DB200DAF73F /* ChessApp.swift in Sources */ = {isa = PBXBuildFile; fileRef = 6607294B29192DB200DAF73F /* ChessApp.swift */; };
		6607295029192DB300DAF73F /* Assets.xcassets in Resources */ = {isa = PBXBuildFile; fileRef = 6607294F29192DB300DAF73F /* Assets.xcassets */; };
		6607295429192DB300DAF73F /* Preview Assets.xcassets in Resources */ = {isa = PBXBuildFile; fileRef = 6607295329192DB300DAF73F /* Preview Assets.xcassets */; };
		6607297329192E2700DAF73F /* user.json in Resources */ = {isa = PBXBuildFile; fileRef = 6607296D29192E2600DAF73F /* user.json */; };
		6607297429192E2700DAF73F /* splash.json in Resources */ = {isa = PBXBuildFile; fileRef = 6607296E29192E2600DAF73F /* splash.json */; };
		6607297529192E2700DAF73F /* new.json in Resources */ = {isa = PBXBuildFile; fileRef = 6607296F29192E2600DAF73F /* new.json */; };
		6607297629192E2700DAF73F /* password.json in Resources */ = {isa = PBXBuildFile; fileRef = 6607297029192E2700DAF73F /* password.json */; };
		6607297729192E2700DAF73F /* comingSoon.json in Resources */ = {isa = PBXBuildFile; fileRef = 6607297129192E2700DAF73F /* comingSoon.json */; };
		6607297829192E2700DAF73F /* robot.json in Resources */ = {isa = PBXBuildFile; fileRef = 6607297229192E2700DAF73F /* robot.json */; };
		6607297A29192E2E00DAF73F /* GoogleService-Info.plist in Resources */ = {isa = PBXBuildFile; fileRef = 6607297929192E2E00DAF73F /* GoogleService-Info.plist */; };
		6607297C29192E3400DAF73F /* Card.swift in Sources */ = {isa = PBXBuildFile; fileRef = 6607297B29192E3400DAF73F /* Card.swift */; };
		6607298429192E4B00DAF73F /* PasswordControl.swift in Sources */ = {isa = PBXBuildFile; fileRef = 6607297D29192E4A00DAF73F /* PasswordControl.swift */; };
		6607298529192E4B00DAF73F /* LottieView.swift in Sources */ = {isa = PBXBuildFile; fileRef = 6607297E29192E4A00DAF73F /* LottieView.swift */; };
		6607298629192E4B00DAF73F /* ColoredGroupBox.swift in Sources */ = {isa = PBXBuildFile; fileRef = 6607297F29192E4A00DAF73F /* ColoredGroupBox.swift */; };
		6607298729192E4B00DAF73F /* CheckBoxView.swift in Sources */ = {isa = PBXBuildFile; fileRef = 6607298029192E4A00DAF73F /* CheckBoxView.swift */; };
		6607298829192E4B00DAF73F /* ViewExtensions.swift in Sources */ = {isa = PBXBuildFile; fileRef = 6607298129192E4A00DAF73F /* ViewExtensions.swift */; };
		6607298929192E4B00DAF73F /* SplashScreenView.swift in Sources */ = {isa = PBXBuildFile; fileRef = 6607298229192E4A00DAF73F /* SplashScreenView.swift */; };
		6607298A29192E4B00DAF73F /* CardView.swift in Sources */ = {isa = PBXBuildFile; fileRef = 6607298329192E4B00DAF73F /* CardView.swift */; };
		6607298C29192E5200DAF73F /* UserModel.swift in Sources */ = {isa = PBXBuildFile; fileRef = 6607298B29192E5200DAF73F /* UserModel.swift */; };
		6607299029192E7000DAF73F /* GameView.swift in Sources */ = {isa = PBXBuildFile; fileRef = 6607298E29192E7000DAF73F /* GameView.swift */; };
		6607299129192E7000DAF73F /* BoardView.swift in Sources */ = {isa = PBXBuildFile; fileRef = 6607298F29192E7000DAF73F /* BoardView.swift */; };
		6607299629192E8400DAF73F /* LoginView.swift in Sources */ = {isa = PBXBuildFile; fileRef = 6607299329192E8400DAF73F /* LoginView.swift */; };
		6607299729192E8400DAF73F /* OnBoardingView.swift in Sources */ = {isa = PBXBuildFile; fileRef = 6607299429192E8400DAF73F /* OnBoardingView.swift */; };
		6607299829192E8400DAF73F /* ForgotPasswordView.swift in Sources */ = {isa = PBXBuildFile; fileRef = 6607299529192E8400DAF73F /* ForgotPasswordView.swift */; };
		6607299B29192E9500DAF73F /* MainMenuView.swift in Sources */ = {isa = PBXBuildFile; fileRef = 6607299A29192E9500DAF73F /* MainMenuView.swift */; };
		6607299E29192F0000DAF73F /* Lottie in Frameworks */ = {isa = PBXBuildFile; productRef = 6607299D29192F0000DAF73F /* Lottie */; };
		660729A129192F5E00DAF73F /* FirebaseFirestore in Frameworks */ = {isa = PBXBuildFile; productRef = 660729A029192F5E00DAF73F /* FirebaseFirestore */; };
		660729A329192F5E00DAF73F /* FirebaseFirestoreSwift in Frameworks */ = {isa = PBXBuildFile; productRef = 660729A229192F5E00DAF73F /* FirebaseFirestoreSwift */; };
/* End PBXBuildFile section */

/* Begin PBXFileReference section */
		6607294829192DB200DAF73F /* Chess.app */ = {isa = PBXFileReference; explicitFileType = wrapper.application; includeInIndex = 0; path = Chess.app; sourceTree = BUILT_PRODUCTS_DIR; };
		6607294B29192DB200DAF73F /* ChessApp.swift */ = {isa = PBXFileReference; lastKnownFileType = sourcecode.swift; path = ChessApp.swift; sourceTree = "<group>"; };
		6607294F29192DB300DAF73F /* Assets.xcassets */ = {isa = PBXFileReference; lastKnownFileType = folder.assetcatalog; path = Assets.xcassets; sourceTree = "<group>"; };
		6607295129192DB300DAF73F /* Chess.entitlements */ = {isa = PBXFileReference; lastKnownFileType = text.plist.entitlements; path = Chess.entitlements; sourceTree = "<group>"; };
		6607295329192DB300DAF73F /* Preview Assets.xcassets */ = {isa = PBXFileReference; lastKnownFileType = folder.assetcatalog; path = "Preview Assets.xcassets"; sourceTree = "<group>"; };
		6607296D29192E2600DAF73F /* user.json */ = {isa = PBXFileReference; fileEncoding = 4; lastKnownFileType = text.json; path = user.json; sourceTree = "<group>"; };
		6607296E29192E2600DAF73F /* splash.json */ = {isa = PBXFileReference; fileEncoding = 4; lastKnownFileType = text.json; path = splash.json; sourceTree = "<group>"; };
		6607296F29192E2600DAF73F /* new.json */ = {isa = PBXFileReference; fileEncoding = 4; lastKnownFileType = text.json; path = new.json; sourceTree = "<group>"; };
		6607297029192E2700DAF73F /* password.json */ = {isa = PBXFileReference; fileEncoding = 4; lastKnownFileType = text.json; path = password.json; sourceTree = "<group>"; };
		6607297129192E2700DAF73F /* comingSoon.json */ = {isa = PBXFileReference; fileEncoding = 4; lastKnownFileType = text.json; path = comingSoon.json; sourceTree = "<group>"; };
		6607297229192E2700DAF73F /* robot.json */ = {isa = PBXFileReference; fileEncoding = 4; lastKnownFileType = text.json; path = robot.json; sourceTree = "<group>"; };
		6607297929192E2E00DAF73F /* GoogleService-Info.plist */ = {isa = PBXFileReference; fileEncoding = 4; lastKnownFileType = text.plist.xml; path = "GoogleService-Info.plist"; sourceTree = "<group>"; };
		6607297B29192E3400DAF73F /* Card.swift */ = {isa = PBXFileReference; fileEncoding = 4; lastKnownFileType = sourcecode.swift; path = Card.swift; sourceTree = "<group>"; };
		6607297D29192E4A00DAF73F /* PasswordControl.swift */ = {isa = PBXFileReference; fileEncoding = 4; lastKnownFileType = sourcecode.swift; path = PasswordControl.swift; sourceTree = "<group>"; };
		6607297E29192E4A00DAF73F /* LottieView.swift */ = {isa = PBXFileReference; fileEncoding = 4; lastKnownFileType = sourcecode.swift; path = LottieView.swift; sourceTree = "<group>"; };
		6607297F29192E4A00DAF73F /* ColoredGroupBox.swift */ = {isa = PBXFileReference; fileEncoding = 4; lastKnownFileType = sourcecode.swift; path = ColoredGroupBox.swift; sourceTree = "<group>"; };
		6607298029192E4A00DAF73F /* CheckBoxView.swift */ = {isa = PBXFileReference; fileEncoding = 4; lastKnownFileType = sourcecode.swift; path = CheckBoxView.swift; sourceTree = "<group>"; };
		6607298129192E4A00DAF73F /* ViewExtensions.swift */ = {isa = PBXFileReference; fileEncoding = 4; lastKnownFileType = sourcecode.swift; path = ViewExtensions.swift; sourceTree = "<group>"; };
		6607298229192E4A00DAF73F /* SplashScreenView.swift */ = {isa = PBXFileReference; fileEncoding = 4; lastKnownFileType = sourcecode.swift; path = SplashScreenView.swift; sourceTree = "<group>"; };
		6607298329192E4B00DAF73F /* CardView.swift */ = {isa = PBXFileReference; fileEncoding = 4; lastKnownFileType = sourcecode.swift; path = CardView.swift; sourceTree = "<group>"; };
		6607298B29192E5200DAF73F /* UserModel.swift */ = {isa = PBXFileReference; fileEncoding = 4; lastKnownFileType = sourcecode.swift; path = UserModel.swift; sourceTree = "<group>"; };
		6607298E29192E7000DAF73F /* GameView.swift */ = {isa = PBXFileReference; fileEncoding = 4; lastKnownFileType = sourcecode.swift; path = GameView.swift; sourceTree = "<group>"; };
		6607298F29192E7000DAF73F /* BoardView.swift */ = {isa = PBXFileReference; fileEncoding = 4; lastKnownFileType = sourcecode.swift; path = BoardView.swift; sourceTree = "<group>"; };
		6607299329192E8400DAF73F /* LoginView.swift */ = {isa = PBXFileReference; fileEncoding = 4; lastKnownFileType = sourcecode.swift; path = LoginView.swift; sourceTree = "<group>"; };
		6607299429192E8400DAF73F /* OnBoardingView.swift */ = {isa = PBXFileReference; fileEncoding = 4; lastKnownFileType = sourcecode.swift; path = OnBoardingView.swift; sourceTree = "<group>"; };
		6607299529192E8400DAF73F /* ForgotPasswordView.swift */ = {isa = PBXFileReference; fileEncoding = 4; lastKnownFileType = sourcecode.swift; path = ForgotPasswordView.swift; sourceTree = "<group>"; };
		6607299A29192E9500DAF73F /* MainMenuView.swift */ = {isa = PBXFileReference; fileEncoding = 4; lastKnownFileType = sourcecode.swift; path = MainMenuView.swift; sourceTree = "<group>"; };
/* End PBXFileReference section */

/* Begin PBXFrameworksBuildPhase section */
		6607294529192DB200DAF73F /* Frameworks */ = {
			isa = PBXFrameworksBuildPhase;
			buildActionMask = 2147483647;
			files = (
				6607299E29192F0000DAF73F /* Lottie in Frameworks */,
				660729A129192F5E00DAF73F /* FirebaseFirestore in Frameworks */,
				660729A329192F5E00DAF73F /* FirebaseFirestoreSwift in Frameworks */,
			);
			runOnlyForDeploymentPostprocessing = 0;
		};
/* End PBXFrameworksBuildPhase section */

/* Begin PBXGroup section */
		6607293F29192DB200DAF73F = {
			isa = PBXGroup;
			children = (
				6607294A29192DB200DAF73F /* Chess */,
				6607294929192DB200DAF73F /* Products */,
			);
			sourceTree = "<group>";
		};
		6607294929192DB200DAF73F /* Products */ = {
			isa = PBXGroup;
			children = (
				6607294829192DB200DAF73F /* Chess.app */,
			);
			name = Products;
			sourceTree = "<group>";
		};
		6607294A29192DB200DAF73F /* Chess */ = {
			isa = PBXGroup;
			children = (
				6607297929192E2E00DAF73F /* GoogleService-Info.plist */,
				6607296C29192E1400DAF73F /* Views */,
				6607296B29192E0E00DAF73F /* Models */,
				6607296A29192E0700DAF73F /* Data */,
				6607296929192DFF00DAF73F /* Extensions */,
				6607296829192DF600DAF73F /* Animations */,
				6607294B29192DB200DAF73F /* ChessApp.swift */,
				6607294F29192DB300DAF73F /* Assets.xcassets */,
				6607295129192DB300DAF73F /* Chess.entitlements */,
				6607295229192DB300DAF73F /* Preview Content */,
			);
			path = Chess;
			sourceTree = "<group>";
		};
		6607295229192DB300DAF73F /* Preview Content */ = {
			isa = PBXGroup;
			children = (
				6607295329192DB300DAF73F /* Preview Assets.xcassets */,
			);
			path = "Preview Content";
			sourceTree = "<group>";
		};
		6607296829192DF600DAF73F /* Animations */ = {
			isa = PBXGroup;
			children = (
				6607297129192E2700DAF73F /* comingSoon.json */,
				6607296F29192E2600DAF73F /* new.json */,
				6607297029192E2700DAF73F /* password.json */,
				6607297229192E2700DAF73F /* robot.json */,
				6607296E29192E2600DAF73F /* splash.json */,
				6607296D29192E2600DAF73F /* user.json */,
			);
			path = Animations;
			sourceTree = "<group>";
		};
		6607296929192DFF00DAF73F /* Extensions */ = {
			isa = PBXGroup;
			children = (
				6607298329192E4B00DAF73F /* CardView.swift */,
				6607298029192E4A00DAF73F /* CheckBoxView.swift */,
				6607297F29192E4A00DAF73F /* ColoredGroupBox.swift */,
				6607297E29192E4A00DAF73F /* LottieView.swift */,
				6607297D29192E4A00DAF73F /* PasswordControl.swift */,
				6607298229192E4A00DAF73F /* SplashScreenView.swift */,
				6607298129192E4A00DAF73F /* ViewExtensions.swift */,
			);
			path = Extensions;
			sourceTree = "<group>";
		};
		6607296A29192E0700DAF73F /* Data */ = {
			isa = PBXGroup;
			children = (
				6607297B29192E3400DAF73F /* Card.swift */,
			);
			path = Data;
			sourceTree = "<group>";
		};
		6607296B29192E0E00DAF73F /* Models */ = {
			isa = PBXGroup;
			children = (
				6607298B29192E5200DAF73F /* UserModel.swift */,
			);
			path = Models;
			sourceTree = "<group>";
		};
		6607296C29192E1400DAF73F /* Views */ = {
			isa = PBXGroup;
			children = (
				6607299929192E8900DAF73F /* MainMenu */,
				6607299229192E7600DAF73F /* Login */,
				6607298D29192E6200DAF73F /* Game */,
			);
			path = Views;
			sourceTree = "<group>";
		};
		6607298D29192E6200DAF73F /* Game */ = {
			isa = PBXGroup;
			children = (
				6607298F29192E7000DAF73F /* BoardView.swift */,
				6607298E29192E7000DAF73F /* GameView.swift */,
			);
			path = Game;
			sourceTree = "<group>";
		};
		6607299229192E7600DAF73F /* Login */ = {
			isa = PBXGroup;
			children = (
				6607299529192E8400DAF73F /* ForgotPasswordView.swift */,
				6607299329192E8400DAF73F /* LoginView.swift */,
				6607299429192E8400DAF73F /* OnBoardingView.swift */,
			);
			path = Login;
			sourceTree = "<group>";
		};
		6607299929192E8900DAF73F /* MainMenu */ = {
			isa = PBXGroup;
			children = (
				6607299A29192E9500DAF73F /* MainMenuView.swift */,
			);
			path = MainMenu;
			sourceTree = "<group>";
		};
/* End PBXGroup section */

/* Begin PBXNativeTarget section */
		6607294729192DB200DAF73F /* Chess */ = {
			isa = PBXNativeTarget;
			buildConfigurationList = 6607295729192DB300DAF73F /* Build configuration list for PBXNativeTarget "Chess" */;
			buildPhases = (
				6607294429192DB200DAF73F /* Sources */,
				6607294529192DB200DAF73F /* Frameworks */,
				6607294629192DB200DAF73F /* Resources */,
			);
			buildRules = (
			);
			dependencies = (
			);
			name = Chess;
			packageProductDependencies = (
				6607299D29192F0000DAF73F /* Lottie */,
				660729A029192F5E00DAF73F /* FirebaseFirestore */,
				660729A229192F5E00DAF73F /* FirebaseFirestoreSwift */,
			);
			productName = Chess;
			productReference = 6607294829192DB200DAF73F /* Chess.app */;
			productType = "com.apple.product-type.application";
		};
/* End PBXNativeTarget section */

/* Begin PBXProject section */
		6607294029192DB200DAF73F /* Project object */ = {
			isa = PBXProject;
			attributes = {
				BuildIndependentTargetsInParallel = 1;
				LastSwiftUpdateCheck = 1410;
				LastUpgradeCheck = 1410;
				TargetAttributes = {
					6607294729192DB200DAF73F = {
						CreatedOnToolsVersion = 14.1;
					};
				};
			};
			buildConfigurationList = 6607294329192DB200DAF73F /* Build configuration list for PBXProject "Chess" */;
			compatibilityVersion = "Xcode 14.0";
			developmentRegion = en;
			hasScannedForEncodings = 0;
			knownRegions = (
				en,
				Base,
			);
			mainGroup = 6607293F29192DB200DAF73F;
			packageReferences = (
				6607299C29192F0000DAF73F /* XCRemoteSwiftPackageReference "lottie-ios" */,
				6607299F29192F5E00DAF73F /* XCRemoteSwiftPackageReference "firebase-ios-sdk" */,
			);
			productRefGroup = 6607294929192DB200DAF73F /* Products */;
			projectDirPath = "";
			projectRoot = "";
			targets = (
				6607294729192DB200DAF73F /* Chess */,
			);
		};
/* End PBXProject section */

/* Begin PBXResourcesBuildPhase section */
		6607294629192DB200DAF73F /* Resources */ = {
			isa = PBXResourcesBuildPhase;
			buildActionMask = 2147483647;
			files = (
				6607297829192E2700DAF73F /* robot.json in Resources */,
				6607297329192E2700DAF73F /* user.json in Resources */,
				6607297A29192E2E00DAF73F /* GoogleService-Info.plist in Resources */,
				6607295429192DB300DAF73F /* Preview Assets.xcassets in Resources */,
				6607297429192E2700DAF73F /* splash.json in Resources */,
				6607297529192E2700DAF73F /* new.json in Resources */,
				6607297729192E2700DAF73F /* comingSoon.json in Resources */,
				6607297629192E2700DAF73F /* password.json in Resources */,
				6607295029192DB300DAF73F /* Assets.xcassets in Resources */,
			);
			runOnlyForDeploymentPostprocessing = 0;
		};
/* End PBXResourcesBuildPhase section */

/* Begin PBXSourcesBuildPhase section */
		6607294429192DB200DAF73F /* Sources */ = {
			isa = PBXSourcesBuildPhase;
			buildActionMask = 2147483647;
			files = (
				6607298729192E4B00DAF73F /* CheckBoxView.swift in Sources */,
				6607298629192E4B00DAF73F /* ColoredGroupBox.swift in Sources */,
				6607299829192E8400DAF73F /* ForgotPasswordView.swift in Sources */,
				6607299129192E7000DAF73F /* BoardView.swift in Sources */,
				6607299729192E8400DAF73F /* OnBoardingView.swift in Sources */,
				6607298929192E4B00DAF73F /* SplashScreenView.swift in Sources */,
				6607298829192E4B00DAF73F /* ViewExtensions.swift in Sources */,
				6607299B29192E9500DAF73F /* MainMenuView.swift in Sources */,
				6607298A29192E4B00DAF73F /* CardView.swift in Sources */,
				6607298429192E4B00DAF73F /* PasswordControl.swift in Sources */,
				6607299629192E8400DAF73F /* LoginView.swift in Sources */,
				6607298529192E4B00DAF73F /* LottieView.swift in Sources */,
				6607297C29192E3400DAF73F /* Card.swift in Sources */,
				6607294C29192DB200DAF73F /* ChessApp.swift in Sources */,
				6607299029192E7000DAF73F /* GameView.swift in Sources */,
				6607298C29192E5200DAF73F /* UserModel.swift in Sources */,
			);
			runOnlyForDeploymentPostprocessing = 0;
		};
/* End PBXSourcesBuildPhase section */

/* Begin XCBuildConfiguration section */
		6607295529192DB300DAF73F /* Debug */ = {
			isa = XCBuildConfiguration;
			buildSettings = {
				ALWAYS_SEARCH_USER_PATHS = NO;
				CLANG_ANALYZER_NONNULL = YES;
				CLANG_ANALYZER_NUMBER_OBJECT_CONVERSION = YES_AGGRESSIVE;
				CLANG_CXX_LANGUAGE_STANDARD = "gnu++20";
				CLANG_ENABLE_MODULES = YES;
				CLANG_ENABLE_OBJC_ARC = YES;
				CLANG_ENABLE_OBJC_WEAK = YES;
				CLANG_WARN_BLOCK_CAPTURE_AUTORELEASING = YES;
				CLANG_WARN_BOOL_CONVERSION = YES;
				CLANG_WARN_COMMA = YES;
				CLANG_WARN_CONSTANT_CONVERSION = YES;
				CLANG_WARN_DEPRECATED_OBJC_IMPLEMENTATIONS = YES;
				CLANG_WARN_DIRECT_OBJC_ISA_USAGE = YES_ERROR;
				CLANG_WARN_DOCUMENTATION_COMMENTS = YES;
				CLANG_WARN_EMPTY_BODY = YES;
				CLANG_WARN_ENUM_CONVERSION = YES;
				CLANG_WARN_INFINITE_RECURSION = YES;
				CLANG_WARN_INT_CONVERSION = YES;
				CLANG_WARN_NON_LITERAL_NULL_CONVERSION = YES;
				CLANG_WARN_OBJC_IMPLICIT_RETAIN_SELF = YES;
				CLANG_WARN_OBJC_LITERAL_CONVERSION = YES;
				CLANG_WARN_OBJC_ROOT_CLASS = YES_ERROR;
				CLANG_WARN_QUOTED_INCLUDE_IN_FRAMEWORK_HEADER = YES;
				CLANG_WARN_RANGE_LOOP_ANALYSIS = YES;
				CLANG_WARN_STRICT_PROTOTYPES = YES;
				CLANG_WARN_SUSPICIOUS_MOVE = YES;
				CLANG_WARN_UNGUARDED_AVAILABILITY = YES_AGGRESSIVE;
				CLANG_WARN_UNREACHABLE_CODE = YES;
				CLANG_WARN__DUPLICATE_METHOD_MATCH = YES;
				COPY_PHASE_STRIP = NO;
				DEBUG_INFORMATION_FORMAT = dwarf;
				ENABLE_STRICT_OBJC_MSGSEND = YES;
				ENABLE_TESTABILITY = YES;
				GCC_C_LANGUAGE_STANDARD = gnu11;
				GCC_DYNAMIC_NO_PIC = NO;
				GCC_NO_COMMON_BLOCKS = YES;
				GCC_OPTIMIZATION_LEVEL = 0;
				GCC_PREPROCESSOR_DEFINITIONS = (
					"DEBUG=1",
					"$(inherited)",
				);
				GCC_WARN_64_TO_32_BIT_CONVERSION = YES;
				GCC_WARN_ABOUT_RETURN_TYPE = YES_ERROR;
				GCC_WARN_UNDECLARED_SELECTOR = YES;
				GCC_WARN_UNINITIALIZED_AUTOS = YES_AGGRESSIVE;
				GCC_WARN_UNUSED_FUNCTION = YES;
				GCC_WARN_UNUSED_VARIABLE = YES;
				MTL_ENABLE_DEBUG_INFO = INCLUDE_SOURCE;
				MTL_FAST_MATH = YES;
				ONLY_ACTIVE_ARCH = YES;
				SWIFT_ACTIVE_COMPILATION_CONDITIONS = DEBUG;
				SWIFT_OPTIMIZATION_LEVEL = "-Onone";
			};
			name = Debug;
		};
		6607295629192DB300DAF73F /* Release */ = {
			isa = XCBuildConfiguration;
			buildSettings = {
				ALWAYS_SEARCH_USER_PATHS = NO;
				CLANG_ANALYZER_NONNULL = YES;
				CLANG_ANALYZER_NUMBER_OBJECT_CONVERSION = YES_AGGRESSIVE;
				CLANG_CXX_LANGUAGE_STANDARD = "gnu++20";
				CLANG_ENABLE_MODULES = YES;
				CLANG_ENABLE_OBJC_ARC = YES;
				CLANG_ENABLE_OBJC_WEAK = YES;
				CLANG_WARN_BLOCK_CAPTURE_AUTORELEASING = YES;
				CLANG_WARN_BOOL_CONVERSION = YES;
				CLANG_WARN_COMMA = YES;
				CLANG_WARN_CONSTANT_CONVERSION = YES;
				CLANG_WARN_DEPRECATED_OBJC_IMPLEMENTATIONS = YES;
				CLANG_WARN_DIRECT_OBJC_ISA_USAGE = YES_ERROR;
				CLANG_WARN_DOCUMENTATION_COMMENTS = YES;
				CLANG_WARN_EMPTY_BODY = YES;
				CLANG_WARN_ENUM_CONVERSION = YES;
				CLANG_WARN_INFINITE_RECURSION = YES;
				CLANG_WARN_INT_CONVERSION = YES;
				CLANG_WARN_NON_LITERAL_NULL_CONVERSION = YES;
				CLANG_WARN_OBJC_IMPLICIT_RETAIN_SELF = YES;
				CLANG_WARN_OBJC_LITERAL_CONVERSION = YES;
				CLANG_WARN_OBJC_ROOT_CLASS = YES_ERROR;
				CLANG_WARN_QUOTED_INCLUDE_IN_FRAMEWORK_HEADER = YES;
				CLANG_WARN_RANGE_LOOP_ANALYSIS = YES;
				CLANG_WARN_STRICT_PROTOTYPES = YES;
				CLANG_WARN_SUSPICIOUS_MOVE = YES;
				CLANG_WARN_UNGUARDED_AVAILABILITY = YES_AGGRESSIVE;
				CLANG_WARN_UNREACHABLE_CODE = YES;
				CLANG_WARN__DUPLICATE_METHOD_MATCH = YES;
				COPY_PHASE_STRIP = NO;
				DEBUG_INFORMATION_FORMAT = "dwarf-with-dsym";
				ENABLE_NS_ASSERTIONS = NO;
				ENABLE_STRICT_OBJC_MSGSEND = YES;
				GCC_C_LANGUAGE_STANDARD = gnu11;
				GCC_NO_COMMON_BLOCKS = YES;
				GCC_WARN_64_TO_32_BIT_CONVERSION = YES;
				GCC_WARN_ABOUT_RETURN_TYPE = YES_ERROR;
				GCC_WARN_UNDECLARED_SELECTOR = YES;
				GCC_WARN_UNINITIALIZED_AUTOS = YES_AGGRESSIVE;
				GCC_WARN_UNUSED_FUNCTION = YES;
				GCC_WARN_UNUSED_VARIABLE = YES;
				MTL_ENABLE_DEBUG_INFO = NO;
				MTL_FAST_MATH = YES;
				SWIFT_COMPILATION_MODE = wholemodule;
				SWIFT_OPTIMIZATION_LEVEL = "-O";
			};
			name = Release;
		};
		6607295829192DB300DAF73F /* Debug */ = {
			isa = XCBuildConfiguration;
			buildSettings = {
				ASSETCATALOG_COMPILER_APPICON_NAME = AppIcon;
				ASSETCATALOG_COMPILER_GLOBAL_ACCENT_COLOR_NAME = AccentColor;
				CODE_SIGN_ENTITLEMENTS = Chess/Chess.entitlements;
				CODE_SIGN_STYLE = Automatic;
				CURRENT_PROJECT_VERSION = 1;
				DEVELOPMENT_ASSET_PATHS = "\"Chess/Preview Content\"";
				DEVELOPMENT_TEAM = A6CZ44C8GU;
				ENABLE_HARDENED_RUNTIME = YES;
				ENABLE_PREVIEWS = YES;
				GENERATE_INFOPLIST_FILE = YES;
				"INFOPLIST_KEY_UIApplicationSceneManifest_Generation[sdk=iphoneos*]" = YES;
				"INFOPLIST_KEY_UIApplicationSceneManifest_Generation[sdk=iphonesimulator*]" = YES;
				"INFOPLIST_KEY_UIApplicationSupportsIndirectInputEvents[sdk=iphoneos*]" = YES;
				"INFOPLIST_KEY_UIApplicationSupportsIndirectInputEvents[sdk=iphonesimulator*]" = YES;
				"INFOPLIST_KEY_UILaunchScreen_Generation[sdk=iphoneos*]" = YES;
				"INFOPLIST_KEY_UILaunchScreen_Generation[sdk=iphonesimulator*]" = YES;
				"INFOPLIST_KEY_UIStatusBarStyle[sdk=iphoneos*]" = UIStatusBarStyleDefault;
				"INFOPLIST_KEY_UIStatusBarStyle[sdk=iphonesimulator*]" = UIStatusBarStyleDefault;
				INFOPLIST_KEY_UISupportedInterfaceOrientations_iPad = "UIInterfaceOrientationPortrait UIInterfaceOrientationPortraitUpsideDown UIInterfaceOrientationLandscapeLeft UIInterfaceOrientationLandscapeRight";
				INFOPLIST_KEY_UISupportedInterfaceOrientations_iPhone = "UIInterfaceOrientationPortrait UIInterfaceOrientationLandscapeLeft UIInterfaceOrientationLandscapeRight";
				IPHONEOS_DEPLOYMENT_TARGET = 16.1;
				LD_RUNPATH_SEARCH_PATHS = "@executable_path/Frameworks";
				"LD_RUNPATH_SEARCH_PATHS[sdk=macosx*]" = "@executable_path/../Frameworks";
				MACOSX_DEPLOYMENT_TARGET = 13.0;
				MARKETING_VERSION = 1.0;
				PRODUCT_BUNDLE_IDENTIFIER = vanzylarno.Chess;
				PRODUCT_NAME = "$(TARGET_NAME)";
				SDKROOT = auto;
				SUPPORTED_PLATFORMS = "iphoneos iphonesimulator macosx";
				SWIFT_EMIT_LOC_STRINGS = YES;
				SWIFT_VERSION = 5.0;
				TARGETED_DEVICE_FAMILY = "1,2";
			};
			name = Debug;
		};
		6607295929192DB300DAF73F /* Release */ = {
			isa = XCBuildConfiguration;
			buildSettings = {
				ASSETCATALOG_COMPILER_APPICON_NAME = AppIcon;
				ASSETCATALOG_COMPILER_GLOBAL_ACCENT_COLOR_NAME = AccentColor;
				CODE_SIGN_ENTITLEMENTS = Chess/Chess.entitlements;
				CODE_SIGN_STYLE = Automatic;
				CURRENT_PROJECT_VERSION = 1;
				DEVELOPMENT_ASSET_PATHS = "\"Chess/Preview Content\"";
				DEVELOPMENT_TEAM = A6CZ44C8GU;
				ENABLE_HARDENED_RUNTIME = YES;
				ENABLE_PREVIEWS = YES;
				GENERATE_INFOPLIST_FILE = YES;
				"INFOPLIST_KEY_UIApplicationSceneManifest_Generation[sdk=iphoneos*]" = YES;
				"INFOPLIST_KEY_UIApplicationSceneManifest_Generation[sdk=iphonesimulator*]" = YES;
				"INFOPLIST_KEY_UIApplicationSupportsIndirectInputEvents[sdk=iphoneos*]" = YES;
				"INFOPLIST_KEY_UIApplicationSupportsIndirectInputEvents[sdk=iphonesimulator*]" = YES;
				"INFOPLIST_KEY_UILaunchScreen_Generation[sdk=iphoneos*]" = YES;
				"INFOPLIST_KEY_UILaunchScreen_Generation[sdk=iphonesimulator*]" = YES;
				"INFOPLIST_KEY_UIStatusBarStyle[sdk=iphoneos*]" = UIStatusBarStyleDefault;
				"INFOPLIST_KEY_UIStatusBarStyle[sdk=iphonesimulator*]" = UIStatusBarStyleDefault;
				INFOPLIST_KEY_UISupportedInterfaceOrientations_iPad = "UIInterfaceOrientationPortrait UIInterfaceOrientationPortraitUpsideDown UIInterfaceOrientationLandscapeLeft UIInterfaceOrientationLandscapeRight";
				INFOPLIST_KEY_UISupportedInterfaceOrientations_iPhone = "UIInterfaceOrientationPortrait UIInterfaceOrientationLandscapeLeft UIInterfaceOrientationLandscapeRight";
				IPHONEOS_DEPLOYMENT_TARGET = 16.1;
				LD_RUNPATH_SEARCH_PATHS = "@executable_path/Frameworks";
				"LD_RUNPATH_SEARCH_PATHS[sdk=macosx*]" = "@executable_path/../Frameworks";
				MACOSX_DEPLOYMENT_TARGET = 13.0;
				MARKETING_VERSION = 1.0;
				PRODUCT_BUNDLE_IDENTIFIER = vanzylarno.Chess;
				PRODUCT_NAME = "$(TARGET_NAME)";
				SDKROOT = auto;
				SUPPORTED_PLATFORMS = "iphoneos iphonesimulator macosx";
				SWIFT_EMIT_LOC_STRINGS = YES;
				SWIFT_VERSION = 5.0;
				TARGETED_DEVICE_FAMILY = "1,2";
			};
			name = Release;
		};
/* End XCBuildConfiguration section */

/* Begin XCConfigurationList section */
		6607294329192DB200DAF73F /* Build configuration list for PBXProject "Chess" */ = {
			isa = XCConfigurationList;
			buildConfigurations = (
				6607295529192DB300DAF73F /* Debug */,
				6607295629192DB300DAF73F /* Release */,
			);
			defaultConfigurationIsVisible = 0;
			defaultConfigurationName = Release;
		};
		6607295729192DB300DAF73F /* Build configuration list for PBXNativeTarget "Chess" */ = {
			isa = XCConfigurationList;
			buildConfigurations = (
				6607295829192DB300DAF73F /* Debug */,
				6607295929192DB300DAF73F /* Release */,
			);
			defaultConfigurationIsVisible = 0;
			defaultConfigurationName = Release;
		};
/* End XCConfigurationList section */

/* Begin XCRemoteSwiftPackageReference section */
		6607299C29192F0000DAF73F /* XCRemoteSwiftPackageReference "lottie-ios" */ = {
			isa = XCRemoteSwiftPackageReference;
			repositoryURL = "https://github.com/airbnb/lottie-ios.git";
			requirement = {
				kind = upToNextMajorVersion;
				minimumVersion = 3.0.0;
			};
		};
		6607299F29192F5E00DAF73F /* XCRemoteSwiftPackageReference "firebase-ios-sdk" */ = {
			isa = XCRemoteSwiftPackageReference;
			repositoryURL = "https://github.com/firebase/firebase-ios-sdk";
			requirement = {
				branch = master;
				kind = branch;
			};
		};
/* End XCRemoteSwiftPackageReference section */

/* Begin XCSwiftPackageProductDependency section */
		6607299D29192F0000DAF73F /* Lottie */ = {
			isa = XCSwiftPackageProductDependency;
			package = 6607299C29192F0000DAF73F /* XCRemoteSwiftPackageReference "lottie-ios" */;
			productName = Lottie;
		};
		660729A029192F5E00DAF73F /* FirebaseFirestore */ = {
			isa = XCSwiftPackageProductDependency;
			package = 6607299F29192F5E00DAF73F /* XCRemoteSwiftPackageReference "firebase-ios-sdk" */;
			productName = FirebaseFirestore;
		};
		660729A229192F5E00DAF73F /* FirebaseFirestoreSwift */ = {
			isa = XCSwiftPackageProductDependency;
			package = 6607299F29192F5E00DAF73F /* XCRemoteSwiftPackageReference "firebase-ios-sdk" */;
			productName = FirebaseFirestoreSwift;
		};
/* End XCSwiftPackageProductDependency section */
	};
	rootObject = 6607294029192DB200DAF73F /* Project object */;
}
